
Microsoft Visual Studio Solution File, Format Version 12.00
# Visual Studio 15
VisualStudioVersion = 15.0.28307.136
MinimumVisualStudioVersion = 10.0.40219.1
Project("{FAE04EC0-301F-11D3-BF4B-00C04F79EFBC}") = "Squares", "Squares\Squares.csproj", "{AA75C987-4927-4953-8D26-B31D06553676}"
EndProject
Project("{FAE04EC0-301F-11D3-BF4B-00C04F79EFBC}") = "Squares.DAL", "Squares.DAL\Squares.DAL.csproj", "{B2ED576D-124E-41F2-AD48-E4DA495DFCD3}"
EndProject
Global
	GlobalSection(SolutionConfigurationPlatforms) = preSolution
		Debug|Any CPU = Debug|Any CPU
		Release|Any CPU = Release|Any CPU
	EndGlobalSection
	GlobalSection(ProjectConfigurationPlatforms) = postSolution
		{AA75C987-4927-4953-8D26-B31D06553676}.Debug|Any CPU.ActiveCfg = Debug|Any CPU
		{AA75C987-4927-4953-8D26-B31D06553676}.Debug|Any CPU.Build.0 = Debug|Any CPU
		{AA75C987-4927-4953-8D26-B31D06553676}.Release|Any CPU.ActiveCfg = Release|Any CPU
		{AA75C987-4927-4953-8D26-B31D06553676}.Release|Any CPU.Build.0 = Release|Any CPU
		{B2ED576D-124E-41F2-AD48-E4DA495DFCD3}.Debug|Any CPU.ActiveCfg = Debug|Any CPU
		{B2ED576D-124E-41F2-AD48-E4DA495DFCD3}.Debug|Any CPU.Build.0 = Debug|Any CPU
		{B2ED576D-124E-41F2-AD48-E4DA495DFCD3}.Release|Any CPU.ActiveCfg = Release|Any CPU
		{B2ED576D-124E-41F2-AD48-E4DA495DFCD3}.Release|Any CPU.Build.0 = Release|Any CPU
	EndGlobalSection
	GlobalSection(SolutionProperties) = preSolution
		HideSolutionNode = FALSE
	EndGlobalSection
	GlobalSection(ExtensibilityGlobals) = postSolution
		SolutionGuid = {40B4A07F-9293-4E2B-ADB7-D57AF4026274}
	EndGlobalSection
EndGlobal
